
Microsoft Visual Studio Solution File, Format Version 12.00
# Visual Studio Version 17
VisualStudioVersion = 17.13.35931.197 d17.13
MinimumVisualStudioVersion = 10.0.40219.1
Project("{FAE04EC0-301F-11D3-BF4B-00C04F79EFBC}") = "CMouss.DynamicsUIDemoApp", "CMouss.DynamicsUIDemoApp\CMouss.DynamicsUIDemoApp.csproj", "{A30D235B-09BA-47D0-911E-7022E327C98E}"
EndProject
Project("{FAE04EC0-301F-11D3-BF4B-00C04F79EFBC}") = "CMouss.DynamicsUI", "CMouss.DynamicsUI\CMouss.DynamicsUI.csproj", "{E065FF3A-563D-4829-B3AA-A8B121CBB627}"
EndProject
Global
	GlobalSection(SolutionConfigurationPlatforms) = preSolution
		Debug|Any CPU = Debug|Any CPU
		Release|Any CPU = Release|Any CPU
	EndGlobalSection
	GlobalSection(ProjectConfigurationPlatforms) = postSolution
		{A30D235B-09BA-47D0-911E-7022E327C98E}.Debug|Any CPU.ActiveCfg = Debug|Any CPU
		{A30D235B-09BA-47D0-911E-7022E327C98E}.Debug|Any CPU.Build.0 = Debug|Any CPU
		{A30D235B-09BA-47D0-911E-7022E327C98E}.Release|Any CPU.ActiveCfg = Release|Any CPU
		{A30D235B-09BA-47D0-911E-7022E327C98E}.Release|Any CPU.Build.0 = Release|Any CPU
		{E065FF3A-563D-4829-B3AA-A8B121CBB627}.Debug|Any CPU.ActiveCfg = Debug|Any CPU
		{E065FF3A-563D-4829-B3AA-A8B121CBB627}.Debug|Any CPU.Build.0 = Debug|Any CPU
		{E065FF3A-563D-4829-B3AA-A8B121CBB627}.Release|Any CPU.ActiveCfg = Release|Any CPU
		{E065FF3A-563D-4829-B3AA-A8B121CBB627}.Release|Any CPU.Build.0 = Release|Any CPU
	EndGlobalSection
	GlobalSection(SolutionProperties) = preSolution
		HideSolutionNode = FALSE
	EndGlobalSection
	GlobalSection(ExtensibilityGlobals) = postSolution
		SolutionGuid = {6624E147-0677-40C0-933F-000690AE96D7}
	EndGlobalSection
EndGlobal
